
Microsoft Visual Studio Solution File, Format Version 12.00
# Visual Studio Version 16
VisualStudioVersion = 16.0.31005.135
MinimumVisualStudioVersion = 10.0.40219.1
Project("{FAE04EC0-301F-11D3-BF4B-00C04F79EFBC}") = "Prezzo_Quantita_Wpf", "Prezzo_Quantita_Wpf\Prezzo_Quantita_Wpf.csproj", "{1C1417FF-A23A-4F78-9F4A-19448DA085AA}"
EndProject
Global
	GlobalSection(SolutionConfigurationPlatforms) = preSolution
		Debug|Any CPU = Debug|Any CPU
		Release|Any CPU = Release|Any CPU
	EndGlobalSection
	GlobalSection(ProjectConfigurationPlatforms) = postSolution
		{1C1417FF-A23A-4F78-9F4A-19448DA085AA}.Debug|Any CPU.ActiveCfg = Debug|Any CPU
		{1C1417FF-A23A-4F78-9F4A-19448DA085AA}.Debug|Any CPU.Build.0 = Debug|Any CPU
		{1C1417FF-A23A-4F78-9F4A-19448DA085AA}.Release|Any CPU.ActiveCfg = Release|Any CPU
		{1C1417FF-A23A-4F78-9F4A-19448DA085AA}.Release|Any CPU.Build.0 = Release|Any CPU
	EndGlobalSection
	GlobalSection(SolutionProperties) = preSolution
		HideSolutionNode = FALSE
	EndGlobalSection
	GlobalSection(ExtensibilityGlobals) = postSolution
		SolutionGuid = {76856345-58E9-4C71-B6EC-C35FB157498B}
	EndGlobalSection
EndGlobal
